
Microsoft Visual Studio Solution File, Format Version 12.00
# Visual Studio Version 17
VisualStudioVersion = 17.0.32014.148
MinimumVisualStudioVersion = 10.0.40219.1
Project("{9A19103F-16F7-4668-BE54-9A1E7A4F7556}") = "SampleViaCep", "SampleViaCep.csproj", "{F699A57B-F9CC-4FBA-BBD9-A50EC6D04E16}"
EndProject
Global
	GlobalSection(SolutionConfigurationPlatforms) = preSolution
		Debug|Any CPU = Debug|Any CPU
		Release|Any CPU = Release|Any CPU
	EndGlobalSection
	GlobalSection(ProjectConfigurationPlatforms) = postSolution
		{F699A57B-F9CC-4FBA-BBD9-A50EC6D04E16}.Debug|Any CPU.ActiveCfg = Debug|Any CPU
		{F699A57B-F9CC-4FBA-BBD9-A50EC6D04E16}.Debug|Any CPU.Build.0 = Debug|Any CPU
		{F699A57B-F9CC-4FBA-BBD9-A50EC6D04E16}.Release|Any CPU.ActiveCfg = Release|Any CPU
		{F699A57B-F9CC-4FBA-BBD9-A50EC6D04E16}.Release|Any CPU.Build.0 = Release|Any CPU
	EndGlobalSection
	GlobalSection(SolutionProperties) = preSolution
		HideSolutionNode = FALSE
	EndGlobalSection
	GlobalSection(ExtensibilityGlobals) = postSolution
		SolutionGuid = {80CECDFE-95E9-45A3-8F58-7427A2D597DB}
	EndGlobalSection
EndGlobal
